// !$*UTF8*$!
{
	archiveVersion = 1;
	classes = {
	};
	objectVersion = 51;
	objects = {

/* Begin PBXBuildFile section */
		7591DED980C4662ADC7EDFA7 /* Pods_CompanyMembersListTests.framework in Frameworks */ = {isa = PBXBuildFile; fileRef = DA7465F3921F2D8DE4178890 /* Pods_CompanyMembersListTests.framework */; };
		8A5E506F760F9AE8A453C38B /* Pods_CompanyMembersList.framework in Frameworks */ = {isa = PBXBuildFile; fileRef = 9C3C9E50691A925C17BCDA59 /* Pods_CompanyMembersList.framework */; };
		C9647DCC24C9DCD000937856 /* APIServiceTest.swift in Sources */ = {isa = PBXBuildFile; fileRef = C9647DCB24C9DCD000937856 /* APIServiceTest.swift */; };
		C9647DCE24C9EC8F00937856 /* ModelTest.swift in Sources */ = {isa = PBXBuildFile; fileRef = C9647DCD24C9EC8E00937856 /* ModelTest.swift */; };
		C9B2C46A24C98FF5004478CC /* Observable.swift in Sources */ = {isa = PBXBuildFile; fileRef = C9B2C46924C98FF5004478CC /* Observable.swift */; };
		C9B2C47024C9B896004478CC /* APIService.swift in Sources */ = {isa = PBXBuildFile; fileRef = C9B2C46F24C9B896004478CC /* APIService.swift */; };
		C9B2C47224C9B8B6004478CC /* EndPoint.swift in Sources */ = {isa = PBXBuildFile; fileRef = C9B2C47124C9B8B6004478CC /* EndPoint.swift */; };
		C9D2DE4324C4836700191A9B /* CompanyMembersListTests.swift in Sources */ = {isa = PBXBuildFile; fileRef = C9D2DE4224C4836700191A9B /* CompanyMembersListTests.swift */; };
		C9D2DE6724C4841100191A9B /* UIAlertController+WG.swift in Sources */ = {isa = PBXBuildFile; fileRef = C9D2DE4E24C4841100191A9B /* UIAlertController+WG.swift */; };
		C9D2DE6824C4841100191A9B /* Assets.xcassets in Resources */ = {isa = PBXBuildFile; fileRef = C9D2DE5024C4841100191A9B /* Assets.xcassets */; };
		C9D2DE6924C4841100191A9B /* LaunchScreen.storyboard in Resources */ = {isa = PBXBuildFile; fileRef = C9D2DE5124C4841100191A9B /* LaunchScreen.storyboard */; };
		C9D2DE6A24C4841100191A9B /* Main.storyboard in Resources */ = {isa = PBXBuildFile; fileRef = C9D2DE5324C4841100191A9B /* Main.storyboard */; };
		C9D2DE6C24C4841100191A9B /* AppDelegate.swift in Sources */ = {isa = PBXBuildFile; fileRef = C9D2DE5724C4841100191A9B /* AppDelegate.swift */; };
		C9D2DE6D24C4841100191A9B /* ApplicationCoordinator.swift in Sources */ = {isa = PBXBuildFile; fileRef = C9D2DE5A24C4841100191A9B /* ApplicationCoordinator.swift */; };
		C9D2DE6E24C4841100191A9B /* Storyboarded.swift in Sources */ = {isa = PBXBuildFile; fileRef = C9D2DE5B24C4841100191A9B /* Storyboarded.swift */; };
		C9D2DE6F24C4841100191A9B /* ListCoordinator.swift in Sources */ = {isa = PBXBuildFile; fileRef = C9D2DE5C24C4841100191A9B /* ListCoordinator.swift */; };
		C9D2DE7024C4841100191A9B /* Coordinator.swift in Sources */ = {isa = PBXBuildFile; fileRef = C9D2DE5D24C4841100191A9B /* Coordinator.swift */; };
		C9D2DE7224C4841100191A9B /* Constants.swift in Sources */ = {isa = PBXBuildFile; fileRef = C9D2DE6524C4841100191A9B /* Constants.swift */; };
		C9D2DE7324C4841100191A9B /* Utilities.swift in Sources */ = {isa = PBXBuildFile; fileRef = C9D2DE6624C4841100191A9B /* Utilities.swift */; };
		C9D2DE7524C4844700191A9B /* ListViewController.swift in Sources */ = {isa = PBXBuildFile; fileRef = C9D2DE7424C4844700191A9B /* ListViewController.swift */; };
		C9D2DE7824C4997400191A9B /* Company.swift in Sources */ = {isa = PBXBuildFile; fileRef = C9D2DE7724C4997400191A9B /* Company.swift */; };
		C9D2DE7A24C49F1800191A9B /* Member.swift in Sources */ = {isa = PBXBuildFile; fileRef = C9D2DE7924C49F1800191A9B /* Member.swift */; };
		C9D2DE7C24C4A0A000191A9B /* ListViewController+Extension.swift in Sources */ = {isa = PBXBuildFile; fileRef = C9D2DE7B24C4A0A000191A9B /* ListViewController+Extension.swift */; };
		C9D2DE8224C4A69D00191A9B /* ListViewModel.swift in Sources */ = {isa = PBXBuildFile; fileRef = C9D2DE8124C4A69D00191A9B /* ListViewModel.swift */; };
		C9D2DE8624C56F4900191A9B /* compList.json in Resources */ = {isa = PBXBuildFile; fileRef = C9D2DE8524C56F4900191A9B /* compList.json */; };
		C9D2DE9424C58DF900191A9B /* UIHelper.swift in Sources */ = {isa = PBXBuildFile; fileRef = C9D2DE9324C58DF900191A9B /* UIHelper.swift */; };
		C9D2DE9924C5CDA800191A9B /* PickerView.swift in Sources */ = {isa = PBXBuildFile; fileRef = C9D2DE9824C5CDA800191A9B /* PickerView.swift */; };
		C9D2DE9F24C5F40F00191A9B /* CompanyInfoCell.swift in Sources */ = {isa = PBXBuildFile; fileRef = C9D2DE9D24C5F40F00191A9B /* CompanyInfoCell.swift */; };
		C9D2DEA024C5F40F00191A9B /* CompanyInfoCell.xib in Resources */ = {isa = PBXBuildFile; fileRef = C9D2DE9E24C5F40F00191A9B /* CompanyInfoCell.xib */; };
		C9D2DEA224C5F4C400191A9B /* GenericReusableView+WG.swift in Sources */ = {isa = PBXBuildFile; fileRef = C9D2DEA124C5F4C400191A9B /* GenericReusableView+WG.swift */; };
		C9D2DEA424C5F54700191A9B /* DispatchQueue+Dedupe.swift in Sources */ = {isa = PBXBuildFile; fileRef = C9D2DEA324C5F54700191A9B /* DispatchQueue+Dedupe.swift */; };
		C9D2DEA724C6BF7A00191A9B /* MemberInfoCell.swift in Sources */ = {isa = PBXBuildFile; fileRef = C9D2DEA624C6BF7A00191A9B /* MemberInfoCell.swift */; };
		C9D2DEA924C6BFC600191A9B /* MemberInfoCell.xib in Resources */ = {isa = PBXBuildFile; fileRef = C9D2DEA824C6BFC600191A9B /* MemberInfoCell.xib */; };
		C9D2DEAB24C6F20A00191A9B /* HashableClass+WG.swift in Sources */ = {isa = PBXBuildFile; fileRef = C9D2DEAA24C6F20A00191A9B /* HashableClass+WG.swift */; };
		C9D2DEAD24C6F61A00191A9B /* ClubDataModel.swift in Sources */ = {isa = PBXBuildFile; fileRef = C9D2DEAC24C6F61A00191A9B /* ClubDataModel.swift */; };
		C9FAA00F24E26CBB000486B8 /* APIServiceError.swift in Sources */ = {isa = PBXBuildFile; fileRef = C9FAA00E24E26CBB000486B8 /* APIServiceError.swift */; };
/* End PBXBuildFile section */

/* Begin PBXContainerItemProxy section */
		C9D2DE3F24C4836700191A9B /* PBXContainerItemProxy */ = {
			isa = PBXContainerItemProxy;
			containerPortal = C9D2DE2024C4836100191A9B /* Project object */;
			proxyType = 1;
			remoteGlobalIDString = C9D2DE2724C4836100191A9B;
			remoteInfo = CompanyMembersList;
		};
/* End PBXContainerItemProxy section */

/* Begin PBXFileReference section */
		1AD39929E217F873B3CF20A9 /* Pods-CompanyMembersList.debug.xcconfig */ = {isa = PBXFileReference; includeInIndex = 1; lastKnownFileType = text.xcconfig; name = "Pods-CompanyMembersList.debug.xcconfig"; path = "Target Support Files/Pods-CompanyMembersList/Pods-CompanyMembersList.debug.xcconfig"; sourceTree = "<group>"; };
		914C2A52B7A490D11AA58133 /* Pods-CompanyMembersListTests.debug.xcconfig */ = {isa = PBXFileReference; includeInIndex = 1; lastKnownFileType = text.xcconfig; name = "Pods-CompanyMembersListTests.debug.xcconfig"; path = "Target Support Files/Pods-CompanyMembersListTests/Pods-CompanyMembersListTests.debug.xcconfig"; sourceTree = "<group>"; };
		9C3C9E50691A925C17BCDA59 /* Pods_CompanyMembersList.framework */ = {isa = PBXFileReference; explicitFileType = wrapper.framework; includeInIndex = 0; path = Pods_CompanyMembersList.framework; sourceTree = BUILT_PRODUCTS_DIR; };
		C9647DCB24C9DCD000937856 /* APIServiceTest.swift */ = {isa = PBXFileReference; lastKnownFileType = sourcecode.swift; path = APIServiceTest.swift; sourceTree = "<group>"; };
		C9647DCD24C9EC8E00937856 /* ModelTest.swift */ = {isa = PBXFileReference; lastKnownFileType = sourcecode.swift; path = ModelTest.swift; sourceTree = "<group>"; };
		C9B2C46924C98FF5004478CC /* Observable.swift */ = {isa = PBXFileReference; lastKnownFileType = sourcecode.swift; path = Observable.swift; sourceTree = "<group>"; };
		C9B2C46F24C9B896004478CC /* APIService.swift */ = {isa = PBXFileReference; lastKnownFileType = sourcecode.swift; path = APIService.swift; sourceTree = "<group>"; };
		C9B2C47124C9B8B6004478CC /* EndPoint.swift */ = {isa = PBXFileReference; lastKnownFileType = sourcecode.swift; path = EndPoint.swift; sourceTree = "<group>"; };
		C9D2DE2824C4836100191A9B /* CompanyMembersList.app */ = {isa = PBXFileReference; explicitFileType = wrapper.application; includeInIndex = 0; path = CompanyMembersList.app; sourceTree = BUILT_PRODUCTS_DIR; };
		C9D2DE3E24C4836700191A9B /* CompanyMembersListTests.xctest */ = {isa = PBXFileReference; explicitFileType = wrapper.cfbundle; includeInIndex = 0; path = CompanyMembersListTests.xctest; sourceTree = BUILT_PRODUCTS_DIR; };
		C9D2DE4224C4836700191A9B /* CompanyMembersListTests.swift */ = {isa = PBXFileReference; lastKnownFileType = sourcecode.swift; path = CompanyMembersListTests.swift; sourceTree = "<group>"; };
		C9D2DE4424C4836700191A9B /* Info.plist */ = {isa = PBXFileReference; lastKnownFileType = text.plist.xml; path = Info.plist; sourceTree = "<group>"; };
		C9D2DE4E24C4841100191A9B /* UIAlertController+WG.swift */ = {isa = PBXFileReference; fileEncoding = 4; lastKnownFileType = sourcecode.swift; path = "UIAlertController+WG.swift"; sourceTree = "<group>"; };
		C9D2DE5024C4841100191A9B /* Assets.xcassets */ = {isa = PBXFileReference; lastKnownFileType = folder.assetcatalog; path = Assets.xcassets; sourceTree = "<group>"; };
		C9D2DE5224C4841100191A9B /* Base */ = {isa = PBXFileReference; lastKnownFileType = file.storyboard; name = Base; path = Base.lproj/LaunchScreen.storyboard; sourceTree = "<group>"; };
		C9D2DE5424C4841100191A9B /* Base */ = {isa = PBXFileReference; lastKnownFileType = file.storyboard; name = Base; path = Base.lproj/Main.storyboard; sourceTree = "<group>"; };
		C9D2DE5724C4841100191A9B /* AppDelegate.swift */ = {isa = PBXFileReference; fileEncoding = 4; lastKnownFileType = sourcecode.swift; path = AppDelegate.swift; sourceTree = "<group>"; };
		C9D2DE5A24C4841100191A9B /* ApplicationCoordinator.swift */ = {isa = PBXFileReference; fileEncoding = 4; lastKnownFileType = sourcecode.swift; path = ApplicationCoordinator.swift; sourceTree = "<group>"; };
		C9D2DE5B24C4841100191A9B /* Storyboarded.swift */ = {isa = PBXFileReference; fileEncoding = 4; lastKnownFileType = sourcecode.swift; path = Storyboarded.swift; sourceTree = "<group>"; };
		C9D2DE5C24C4841100191A9B /* ListCoordinator.swift */ = {isa = PBXFileReference; fileEncoding = 4; lastKnownFileType = sourcecode.swift; path = ListCoordinator.swift; sourceTree = "<group>"; };
		C9D2DE5D24C4841100191A9B /* Coordinator.swift */ = {isa = PBXFileReference; fileEncoding = 4; lastKnownFileType = sourcecode.swift; path = Coordinator.swift; sourceTree = "<group>"; };
		C9D2DE6524C4841100191A9B /* Constants.swift */ = {isa = PBXFileReference; fileEncoding = 4; lastKnownFileType = sourcecode.swift; path = Constants.swift; sourceTree = "<group>"; };
		C9D2DE6624C4841100191A9B /* Utilities.swift */ = {isa = PBXFileReference; fileEncoding = 4; lastKnownFileType = sourcecode.swift; path = Utilities.swift; sourceTree = "<group>"; };
		C9D2DE7424C4844700191A9B /* ListViewController.swift */ = {isa = PBXFileReference; lastKnownFileType = sourcecode.swift; path = ListViewController.swift; sourceTree = "<group>"; };
		C9D2DE7724C4997400191A9B /* Company.swift */ = {isa = PBXFileReference; lastKnownFileType = sourcecode.swift; path = Company.swift; sourceTree = "<group>"; };
		C9D2DE7924C49F1800191A9B /* Member.swift */ = {isa = PBXFileReference; lastKnownFileType = sourcecode.swift; path = Member.swift; sourceTree = "<group>"; };
		C9D2DE7B24C4A0A000191A9B /* ListViewController+Extension.swift */ = {isa = PBXFileReference; lastKnownFileType = sourcecode.swift; path = "ListViewController+Extension.swift"; sourceTree = "<group>"; };
		C9D2DE8124C4A69D00191A9B /* ListViewModel.swift */ = {isa = PBXFileReference; lastKnownFileType = sourcecode.swift; path = ListViewModel.swift; sourceTree = "<group>"; };
		C9D2DE8524C56F4900191A9B /* compList.json */ = {isa = PBXFileReference; fileEncoding = 4; lastKnownFileType = text.json; path = compList.json; sourceTree = "<group>"; };
		C9D2DE9324C58DF900191A9B /* UIHelper.swift */ = {isa = PBXFileReference; lastKnownFileType = sourcecode.swift; path = UIHelper.swift; sourceTree = "<group>"; };
		C9D2DE9824C5CDA800191A9B /* PickerView.swift */ = {isa = PBXFileReference; lastKnownFileType = sourcecode.swift; path = PickerView.swift; sourceTree = "<group>"; };
		C9D2DE9D24C5F40F00191A9B /* CompanyInfoCell.swift */ = {isa = PBXFileReference; lastKnownFileType = sourcecode.swift; path = CompanyInfoCell.swift; sourceTree = "<group>"; };
		C9D2DE9E24C5F40F00191A9B /* CompanyInfoCell.xib */ = {isa = PBXFileReference; lastKnownFileType = file.xib; path = CompanyInfoCell.xib; sourceTree = "<group>"; };
		C9D2DEA124C5F4C400191A9B /* GenericReusableView+WG.swift */ = {isa = PBXFileReference; lastKnownFileType = sourcecode.swift; path = "GenericReusableView+WG.swift"; sourceTree = "<group>"; };
		C9D2DEA324C5F54700191A9B /* DispatchQueue+Dedupe.swift */ = {isa = PBXFileReference; fileEncoding = 4; lastKnownFileType = sourcecode.swift; path = "DispatchQueue+Dedupe.swift"; sourceTree = "<group>"; };
		C9D2DEA624C6BF7A00191A9B /* MemberInfoCell.swift */ = {isa = PBXFileReference; lastKnownFileType = sourcecode.swift; path = MemberInfoCell.swift; sourceTree = "<group>"; };
		C9D2DEA824C6BFC600191A9B /* MemberInfoCell.xib */ = {isa = PBXFileReference; fileEncoding = 4; lastKnownFileType = file.xib; path = MemberInfoCell.xib; sourceTree = "<group>"; };
		C9D2DEAA24C6F20A00191A9B /* HashableClass+WG.swift */ = {isa = PBXFileReference; lastKnownFileType = sourcecode.swift; path = "HashableClass+WG.swift"; sourceTree = "<group>"; };
		C9D2DEAC24C6F61A00191A9B /* ClubDataModel.swift */ = {isa = PBXFileReference; lastKnownFileType = sourcecode.swift; path = ClubDataModel.swift; sourceTree = "<group>"; };
		C9FAA00E24E26CBB000486B8 /* APIServiceError.swift */ = {isa = PBXFileReference; lastKnownFileType = sourcecode.swift; path = APIServiceError.swift; sourceTree = "<group>"; };
		DA7465F3921F2D8DE4178890 /* Pods_CompanyMembersListTests.framework */ = {isa = PBXFileReference; explicitFileType = wrapper.framework; includeInIndex = 0; path = Pods_CompanyMembersListTests.framework; sourceTree = BUILT_PRODUCTS_DIR; };
		E0F8008ED79C2CC24BC6CDF2 /* Pods-CompanyMembersList.release.xcconfig */ = {isa = PBXFileReference; includeInIndex = 1; lastKnownFileType = text.xcconfig; name = "Pods-CompanyMembersList.release.xcconfig"; path = "Target Support Files/Pods-CompanyMembersList/Pods-CompanyMembersList.release.xcconfig"; sourceTree = "<group>"; };
		F54E90757FDB886733389C27 /* Pods-CompanyMembersListTests.release.xcconfig */ = {isa = PBXFileReference; includeInIndex = 1; lastKnownFileType = text.xcconfig; name = "Pods-CompanyMembersListTests.release.xcconfig"; path = "Target Support Files/Pods-CompanyMembersListTests/Pods-CompanyMembersListTests.release.xcconfig"; sourceTree = "<group>"; };
/* End PBXFileReference section */

/* Begin PBXFrameworksBuildPhase section */
		C9D2DE2524C4836100191A9B /* Frameworks */ = {
			isa = PBXFrameworksBuildPhase;
			buildActionMask = 2147483647;
			files = (
				8A5E506F760F9AE8A453C38B /* Pods_CompanyMembersList.framework in Frameworks */,
			);
			runOnlyForDeploymentPostprocessing = 0;
		};
		C9D2DE3B24C4836700191A9B /* Frameworks */ = {
			isa = PBXFrameworksBuildPhase;
			buildActionMask = 2147483647;
			files = (
				7591DED980C4662ADC7EDFA7 /* Pods_CompanyMembersListTests.framework in Frameworks */,
			);
			runOnlyForDeploymentPostprocessing = 0;
		};
/* End PBXFrameworksBuildPhase section */

/* Begin PBXGroup section */
		6FB4B5ABB1EA736A836799FF /* Frameworks */ = {
			isa = PBXGroup;
			children = (
				9C3C9E50691A925C17BCDA59 /* Pods_CompanyMembersList.framework */,
				DA7465F3921F2D8DE4178890 /* Pods_CompanyMembersListTests.framework */,
			);
			name = Frameworks;
			sourceTree = "<group>";
		};
		9B026245CEBEA449FC8EF5A7 /* Pods */ = {
			isa = PBXGroup;
			children = (
				1AD39929E217F873B3CF20A9 /* Pods-CompanyMembersList.debug.xcconfig */,
				E0F8008ED79C2CC24BC6CDF2 /* Pods-CompanyMembersList.release.xcconfig */,
				914C2A52B7A490D11AA58133 /* Pods-CompanyMembersListTests.debug.xcconfig */,
				F54E90757FDB886733389C27 /* Pods-CompanyMembersListTests.release.xcconfig */,
			);
			path = Pods;
			sourceTree = "<group>";
		};
		C9D2DE1F24C4836100191A9B = {
			isa = PBXGroup;
			children = (
				C9D2DE2A24C4836100191A9B /* CompanyMembersList */,
				C9D2DE4124C4836700191A9B /* CompanyMembersListTests */,
				C9D2DE2924C4836100191A9B /* Products */,
				9B026245CEBEA449FC8EF5A7 /* Pods */,
				6FB4B5ABB1EA736A836799FF /* Frameworks */,
			);
			sourceTree = "<group>";
		};
		C9D2DE2924C4836100191A9B /* Products */ = {
			isa = PBXGroup;
			children = (
				C9D2DE2824C4836100191A9B /* CompanyMembersList.app */,
				C9D2DE3E24C4836700191A9B /* CompanyMembersListTests.xctest */,
			);
			name = Products;
			sourceTree = "<group>";
		};
		C9D2DE2A24C4836100191A9B /* CompanyMembersList */ = {
			isa = PBXGroup;
			children = (
				C9D2DE5824C4841100191A9B /* Source */,
				C9D2DE4D24C4841100191A9B /* Extensions */,
				C9D2DE5624C4841100191A9B /* Main */,
				C9D2DE4F24C4841100191A9B /* Resources */,
				C9D2DE6424C4841100191A9B /* Utils */,
			);
			path = CompanyMembersList;
			sourceTree = "<group>";
		};
		C9D2DE4124C4836700191A9B /* CompanyMembersListTests */ = {
			isa = PBXGroup;
			children = (
				C9D2DE4224C4836700191A9B /* CompanyMembersListTests.swift */,
				C9647DCB24C9DCD000937856 /* APIServiceTest.swift */,
				C9647DCD24C9EC8E00937856 /* ModelTest.swift */,
				C9D2DE4424C4836700191A9B /* Info.plist */,
			);
			path = CompanyMembersListTests;
			sourceTree = "<group>";
		};
		C9D2DE4D24C4841100191A9B /* Extensions */ = {
			isa = PBXGroup;
			children = (
				C9D2DE4E24C4841100191A9B /* UIAlertController+WG.swift */,
				C9D2DEAA24C6F20A00191A9B /* HashableClass+WG.swift */,
				C9D2DEA124C5F4C400191A9B /* GenericReusableView+WG.swift */,
			);
			path = Extensions;
			sourceTree = "<group>";
		};
		C9D2DE4F24C4841100191A9B /* Resources */ = {
			isa = PBXGroup;
			children = (
				C9D2DE6324C4841100191A9B /* StubData */,
				C9D2DE5024C4841100191A9B /* Assets.xcassets */,
				C9D2DE5124C4841100191A9B /* LaunchScreen.storyboard */,
				C9D2DE5324C4841100191A9B /* Main.storyboard */,
			);
			path = Resources;
			sourceTree = "<group>";
		};
		C9D2DE5624C4841100191A9B /* Main */ = {
			isa = PBXGroup;
			children = (
				C9D2DE5724C4841100191A9B /* AppDelegate.swift */,
			);
			path = Main;
			sourceTree = "<group>";
		};
		C9D2DE5824C4841100191A9B /* Source */ = {
			isa = PBXGroup;
			children = (
				C9D2DE5924C4841100191A9B /* Coordinator */,
				C9D2DE5E24C4841100191A9B /* View Models */,
				C9D2DE5F24C4841100191A9B /* Models */,
				C9D2DE6024C4841100191A9B /* Views */,
				C9D2DE6224C4841100191A9B /* Services */,
			);
			path = Source;
			sourceTree = "<group>";
		};
		C9D2DE5924C4841100191A9B /* Coordinator */ = {
			isa = PBXGroup;
			children = (
				C9D2DE5A24C4841100191A9B /* ApplicationCoordinator.swift */,
				C9D2DE5B24C4841100191A9B /* Storyboarded.swift */,
				C9D2DE5C24C4841100191A9B /* ListCoordinator.swift */,
				C9D2DE5D24C4841100191A9B /* Coordinator.swift */,
			);
			path = Coordinator;
			sourceTree = "<group>";
		};
		C9D2DE5E24C4841100191A9B /* View Models */ = {
			isa = PBXGroup;
			children = (
				C9D2DE8124C4A69D00191A9B /* ListViewModel.swift */,
			);
			path = "View Models";
			sourceTree = "<group>";
		};
		C9D2DE5F24C4841100191A9B /* Models */ = {
			isa = PBXGroup;
			children = (
				C9D2DE7724C4997400191A9B /* Company.swift */,
				C9D2DE7924C49F1800191A9B /* Member.swift */,
				C9D2DEAC24C6F61A00191A9B /* ClubDataModel.swift */,
			);
			path = Models;
			sourceTree = "<group>";
		};
		C9D2DE6024C4841100191A9B /* Views */ = {
			isa = PBXGroup;
			children = (
				C9D2DE9C24C5F3C600191A9B /* Cells */,
				C9D2DE7424C4844700191A9B /* ListViewController.swift */,
				C9D2DE7B24C4A0A000191A9B /* ListViewController+Extension.swift */,
			);
			path = Views;
			sourceTree = "<group>";
		};
		C9D2DE6224C4841100191A9B /* Services */ = {
			isa = PBXGroup;
			children = (
				C9B2C46F24C9B896004478CC /* APIService.swift */,
				C9FAA00E24E26CBB000486B8 /* APIServiceError.swift */,
				C9B2C47124C9B8B6004478CC /* EndPoint.swift */,
			);
			path = Services;
			sourceTree = "<group>";
		};
		C9D2DE6324C4841100191A9B /* StubData */ = {
			isa = PBXGroup;
			children = (
				C9D2DE8524C56F4900191A9B /* compList.json */,
			);
			path = StubData;
			sourceTree = "<group>";
		};
		C9D2DE6424C4841100191A9B /* Utils */ = {
			isa = PBXGroup;
			children = (
				C9D2DE9524C5940C00191A9B /* CommonClasses */,
				C9D2DE6524C4841100191A9B /* Constants.swift */,
				C9D2DE9324C58DF900191A9B /* UIHelper.swift */,
				C9D2DE6624C4841100191A9B /* Utilities.swift */,
			);
			path = Utils;
			sourceTree = "<group>";
		};
		C9D2DE9524C5940C00191A9B /* CommonClasses */ = {
			isa = PBXGroup;
			children = (
				C9D2DE9824C5CDA800191A9B /* PickerView.swift */,
				C9B2C46924C98FF5004478CC /* Observable.swift */,
				C9D2DEA324C5F54700191A9B /* DispatchQueue+Dedupe.swift */,
			);
			path = CommonClasses;
			sourceTree = "<group>";
		};
		C9D2DE9C24C5F3C600191A9B /* Cells */ = {
			isa = PBXGroup;
			children = (
				C9D2DE9D24C5F40F00191A9B /* CompanyInfoCell.swift */,
				C9D2DEA624C6BF7A00191A9B /* MemberInfoCell.swift */,
				C9D2DEA824C6BFC600191A9B /* MemberInfoCell.xib */,
				C9D2DE9E24C5F40F00191A9B /* CompanyInfoCell.xib */,
			);
			path = Cells;
			sourceTree = "<group>";
		};
/* End PBXGroup section */

/* Begin PBXNativeTarget section */
		C9D2DE2724C4836100191A9B /* CompanyMembersList */ = {
			isa = PBXNativeTarget;
			buildConfigurationList = C9D2DE4724C4836700191A9B /* Build configuration list for PBXNativeTarget "CompanyMembersList" */;
			buildPhases = (
				239B7F011D9AA938FE33B950 /* [CP] Check Pods Manifest.lock */,
				C9D2DE2424C4836100191A9B /* Sources */,
				C9D2DE2524C4836100191A9B /* Frameworks */,
				C9D2DE2624C4836100191A9B /* Resources */,
				0B0337BFD9CC0476FE32B2AE /* [CP] Embed Pods Frameworks */,
			);
			buildRules = (
			);
			dependencies = (
			);
			name = CompanyMembersList;
			productName = CompanyMembersList;
			productReference = C9D2DE2824C4836100191A9B /* CompanyMembersList.app */;
			productType = "com.apple.product-type.application";
		};
		C9D2DE3D24C4836700191A9B /* CompanyMembersListTests */ = {
			isa = PBXNativeTarget;
			buildConfigurationList = C9D2DE4A24C4836700191A9B /* Build configuration list for PBXNativeTarget "CompanyMembersListTests" */;
			buildPhases = (
				85547EF418E0A765403BA272 /* [CP] Check Pods Manifest.lock */,
				C9D2DE3A24C4836700191A9B /* Sources */,
				C9D2DE3B24C4836700191A9B /* Frameworks */,
				C9D2DE3C24C4836700191A9B /* Resources */,
				260376716CEAADBAC82C6CD9 /* [CP] Embed Pods Frameworks */,
			);
			buildRules = (
			);
			dependencies = (
				C9D2DE4024C4836700191A9B /* PBXTargetDependency */,
			);
			name = CompanyMembersListTests;
			productName = CompanyMembersListTests;
			productReference = C9D2DE3E24C4836700191A9B /* CompanyMembersListTests.xctest */;
			productType = "com.apple.product-type.bundle.unit-test";
		};
/* End PBXNativeTarget section */

/* Begin PBXProject section */
		C9D2DE2024C4836100191A9B /* Project object */ = {
			isa = PBXProject;
			attributes = {
				LastSwiftUpdateCheck = 1130;
				LastUpgradeCheck = 1130;
				ORGANIZATIONNAME = "Harshal Wani";
				TargetAttributes = {
					C9D2DE2724C4836100191A9B = {
						CreatedOnToolsVersion = 11.3.1;
					};
					C9D2DE3D24C4836700191A9B = {
						CreatedOnToolsVersion = 11.3.1;
						TestTargetID = C9D2DE2724C4836100191A9B;
					};
				};
			};
			buildConfigurationList = C9D2DE2324C4836100191A9B /* Build configuration list for PBXProject "CompanyMembersList" */;
			compatibilityVersion = "Xcode 9.3";
			developmentRegion = en;
			hasScannedForEncodings = 0;
			knownRegions = (
				en,
				Base,
			);
			mainGroup = C9D2DE1F24C4836100191A9B;
			productRefGroup = C9D2DE2924C4836100191A9B /* Products */;
			projectDirPath = "";
			projectRoot = "";
			targets = (
				C9D2DE2724C4836100191A9B /* CompanyMembersList */,
				C9D2DE3D24C4836700191A9B /* CompanyMembersListTests */,
			);
		};
/* End PBXProject section */

/* Begin PBXResourcesBuildPhase section */
		C9D2DE2624C4836100191A9B /* Resources */ = {
			isa = PBXResourcesBuildPhase;
			buildActionMask = 2147483647;
			files = (
				C9D2DEA024C5F40F00191A9B /* CompanyInfoCell.xib in Resources */,
				C9D2DE8624C56F4900191A9B /* compList.json in Resources */,
				C9D2DE6A24C4841100191A9B /* Main.storyboard in Resources */,
				C9D2DE6824C4841100191A9B /* Assets.xcassets in Resources */,
				C9D2DE6924C4841100191A9B /* LaunchScreen.storyboard in Resources */,
				C9D2DEA924C6BFC600191A9B /* MemberInfoCell.xib in Resources */,
			);
			runOnlyForDeploymentPostprocessing = 0;
		};
		C9D2DE3C24C4836700191A9B /* Resources */ = {
			isa = PBXResourcesBuildPhase;
			buildActionMask = 2147483647;
			files = (
			);
			runOnlyForDeploymentPostprocessing = 0;
		};
/* End PBXResourcesBuildPhase section */

/* Begin PBXShellScriptBuildPhase section */
		0B0337BFD9CC0476FE32B2AE /* [CP] Embed Pods Frameworks */ = {
			isa = PBXShellScriptBuildPhase;
			buildActionMask = 2147483647;
			files = (
			);
			inputFileListPaths = (
				"${PODS_ROOT}/Target Support Files/Pods-CompanyMembersList/Pods-CompanyMembersList-frameworks-${CONFIGURATION}-input-files.xcfilelist",
			);
			name = "[CP] Embed Pods Frameworks";
			outputFileListPaths = (
				"${PODS_ROOT}/Target Support Files/Pods-CompanyMembersList/Pods-CompanyMembersList-frameworks-${CONFIGURATION}-output-files.xcfilelist",
			);
			runOnlyForDeploymentPostprocessing = 0;
			shellPath = /bin/sh;
			shellScript = "\"${PODS_ROOT}/Target Support Files/Pods-CompanyMembersList/Pods-CompanyMembersList-frameworks.sh\"\n";
			showEnvVarsInLog = 0;
		};
		239B7F011D9AA938FE33B950 /* [CP] Check Pods Manifest.lock */ = {
			isa = PBXShellScriptBuildPhase;
			buildActionMask = 2147483647;
			files = (
			);
			inputFileListPaths = (
			);
			inputPaths = (
				"${PODS_PODFILE_DIR_PATH}/Podfile.lock",
				"${PODS_ROOT}/Manifest.lock",
			);
			name = "[CP] Check Pods Manifest.lock";
			outputFileListPaths = (
			);
			outputPaths = (
				"$(DERIVED_FILE_DIR)/Pods-CompanyMembersList-checkManifestLockResult.txt",
			);
			runOnlyForDeploymentPostprocessing = 0;
			shellPath = /bin/sh;
			shellScript = "diff \"${PODS_PODFILE_DIR_PATH}/Podfile.lock\" \"${PODS_ROOT}/Manifest.lock\" > /dev/null\nif [ $? != 0 ] ; then\n    # print error to STDERR\n    echo \"error: The sandbox is not in sync with the Podfile.lock. Run 'pod install' or update your CocoaPods installation.\" >&2\n    exit 1\nfi\n# This output is used by Xcode 'outputs' to avoid re-running this script phase.\necho \"SUCCESS\" > \"${SCRIPT_OUTPUT_FILE_0}\"\n";
			showEnvVarsInLog = 0;
		};
		260376716CEAADBAC82C6CD9 /* [CP] Embed Pods Frameworks */ = {
			isa = PBXShellScriptBuildPhase;
			buildActionMask = 2147483647;
			files = (
			);
			inputFileListPaths = (
				"${PODS_ROOT}/Target Support Files/Pods-CompanyMembersListTests/Pods-CompanyMembersListTests-frameworks-${CONFIGURATION}-input-files.xcfilelist",
			);
			name = "[CP] Embed Pods Frameworks";
			outputFileListPaths = (
				"${PODS_ROOT}/Target Support Files/Pods-CompanyMembersListTests/Pods-CompanyMembersListTests-frameworks-${CONFIGURATION}-output-files.xcfilelist",
			);
			runOnlyForDeploymentPostprocessing = 0;
			shellPath = /bin/sh;
			shellScript = "\"${PODS_ROOT}/Target Support Files/Pods-CompanyMembersListTests/Pods-CompanyMembersListTests-frameworks.sh\"\n";
			showEnvVarsInLog = 0;
		};
		85547EF418E0A765403BA272 /* [CP] Check Pods Manifest.lock */ = {
			isa = PBXShellScriptBuildPhase;
			buildActionMask = 2147483647;
			files = (
			);
			inputFileListPaths = (
			);
			inputPaths = (
				"${PODS_PODFILE_DIR_PATH}/Podfile.lock",
				"${PODS_ROOT}/Manifest.lock",
			);
			name = "[CP] Check Pods Manifest.lock";
			outputFileListPaths = (
			);
			outputPaths = (
				"$(DERIVED_FILE_DIR)/Pods-CompanyMembersListTests-checkManifestLockResult.txt",
			);
			runOnlyForDeploymentPostprocessing = 0;
			shellPath = /bin/sh;
			shellScript = "diff \"${PODS_PODFILE_DIR_PATH}/Podfile.lock\" \"${PODS_ROOT}/Manifest.lock\" > /dev/null\nif [ $? != 0 ] ; then\n    # print error to STDERR\n    echo \"error: The sandbox is not in sync with the Podfile.lock. Run 'pod install' or update your CocoaPods installation.\" >&2\n    exit 1\nfi\n# This output is used by Xcode 'outputs' to avoid re-running this script phase.\necho \"SUCCESS\" > \"${SCRIPT_OUTPUT_FILE_0}\"\n";
			showEnvVarsInLog = 0;
		};
/* End PBXShellScriptBuildPhase section */

/* Begin PBXSourcesBuildPhase section */
		C9D2DE2424C4836100191A9B /* Sources */ = {
			isa = PBXSourcesBuildPhase;
			buildActionMask = 2147483647;
			files = (
				C9B2C46A24C98FF5004478CC /* Observable.swift in Sources */,
				C9D2DEA424C5F54700191A9B /* DispatchQueue+Dedupe.swift in Sources */,
				C9D2DE6C24C4841100191A9B /* AppDelegate.swift in Sources */,
				C9D2DE6724C4841100191A9B /* UIAlertController+WG.swift in Sources */,
				C9D2DE7024C4841100191A9B /* Coordinator.swift in Sources */,
				C9D2DE7824C4997400191A9B /* Company.swift in Sources */,
				C9FAA00F24E26CBB000486B8 /* APIServiceError.swift in Sources */,
				C9D2DE9924C5CDA800191A9B /* PickerView.swift in Sources */,
				C9D2DEA724C6BF7A00191A9B /* MemberInfoCell.swift in Sources */,
				C9D2DE6D24C4841100191A9B /* ApplicationCoordinator.swift in Sources */,
				C9D2DE8224C4A69D00191A9B /* ListViewModel.swift in Sources */,
				C9D2DE6F24C4841100191A9B /* ListCoordinator.swift in Sources */,
				C9D2DE7524C4844700191A9B /* ListViewController.swift in Sources */,
				C9D2DE6E24C4841100191A9B /* Storyboarded.swift in Sources */,
				C9D2DE7C24C4A0A000191A9B /* ListViewController+Extension.swift in Sources */,
				C9D2DE7324C4841100191A9B /* Utilities.swift in Sources */,
				C9D2DEA224C5F4C400191A9B /* GenericReusableView+WG.swift in Sources */,
				C9D2DE7224C4841100191A9B /* Constants.swift in Sources */,
				C9D2DEAB24C6F20A00191A9B /* HashableClass+WG.swift in Sources */,
				C9B2C47224C9B8B6004478CC /* EndPoint.swift in Sources */,
				C9B2C47024C9B896004478CC /* APIService.swift in Sources */,
				C9D2DE7A24C49F1800191A9B /* Member.swift in Sources */,
				C9D2DE9F24C5F40F00191A9B /* CompanyInfoCell.swift in Sources */,
				C9D2DE9424C58DF900191A9B /* UIHelper.swift in Sources */,
				C9D2DEAD24C6F61A00191A9B /* ClubDataModel.swift in Sources */,
			);
			runOnlyForDeploymentPostprocessing = 0;
		};
		C9D2DE3A24C4836700191A9B /* Sources */ = {
			isa = PBXSourcesBuildPhase;
			buildActionMask = 2147483647;
			files = (
				C9647DCE24C9EC8F00937856 /* ModelTest.swift in Sources */,
				C9647DCC24C9DCD000937856 /* APIServiceTest.swift in Sources */,
				C9D2DE4324C4836700191A9B /* CompanyMembersListTests.swift in Sources */,
			);
			runOnlyForDeploymentPostprocessing = 0;
		};
/* End PBXSourcesBuildPhase section */

/* Begin PBXTargetDependency section */
		C9D2DE4024C4836700191A9B /* PBXTargetDependency */ = {
			isa = PBXTargetDependency;
			target = C9D2DE2724C4836100191A9B /* CompanyMembersList */;
			targetProxy = C9D2DE3F24C4836700191A9B /* PBXContainerItemProxy */;
		};
/* End PBXTargetDependency section */

/* Begin PBXVariantGroup section */
		C9D2DE5124C4841100191A9B /* LaunchScreen.storyboard */ = {
			isa = PBXVariantGroup;
			children = (
				C9D2DE5224C4841100191A9B /* Base */,
			);
			name = LaunchScreen.storyboard;
			sourceTree = "<group>";
		};
		C9D2DE5324C4841100191A9B /* Main.storyboard */ = {
			isa = PBXVariantGroup;
			children = (
				C9D2DE5424C4841100191A9B /* Base */,
			);
			name = Main.storyboard;
			sourceTree = "<group>";
		};
/* End PBXVariantGroup section */

/* Begin XCBuildConfiguration section */
		C9D2DE4524C4836700191A9B /* Debug */ = {
			isa = XCBuildConfiguration;
			buildSettings = {
				ALWAYS_SEARCH_USER_PATHS = NO;
				CLANG_ANALYZER_NONNULL = YES;
				CLANG_ANALYZER_NUMBER_OBJECT_CONVERSION = YES_AGGRESSIVE;
				CLANG_CXX_LANGUAGE_STANDARD = "gnu++14";
				CLANG_CXX_LIBRARY = "libc++";
				CLANG_ENABLE_MODULES = YES;
				CLANG_ENABLE_OBJC_ARC = YES;
				CLANG_ENABLE_OBJC_WEAK = YES;
				CLANG_WARN_BLOCK_CAPTURE_AUTORELEASING = YES;
				CLANG_WARN_BOOL_CONVERSION = YES;
				CLANG_WARN_COMMA = YES;
				CLANG_WARN_CONSTANT_CONVERSION = YES;
				CLANG_WARN_DEPRECATED_OBJC_IMPLEMENTATIONS = YES;
				CLANG_WARN_DIRECT_OBJC_ISA_USAGE = YES_ERROR;
				CLANG_WARN_DOCUMENTATION_COMMENTS = YES;
				CLANG_WARN_EMPTY_BODY = YES;
				CLANG_WARN_ENUM_CONVERSION = YES;
				CLANG_WARN_INFINITE_RECURSION = YES;
				CLANG_WARN_INT_CONVERSION = YES;
				CLANG_WARN_NON_LITERAL_NULL_CONVERSION = YES;
				CLANG_WARN_OBJC_IMPLICIT_RETAIN_SELF = YES;
				CLANG_WARN_OBJC_LITERAL_CONVERSION = YES;
				CLANG_WARN_OBJC_ROOT_CLASS = YES_ERROR;
				CLANG_WARN_RANGE_LOOP_ANALYSIS = YES;
				CLANG_WARN_STRICT_PROTOTYPES = YES;
				CLANG_WARN_SUSPICIOUS_MOVE = YES;
				CLANG_WARN_UNGUARDED_AVAILABILITY = YES_AGGRESSIVE;
				CLANG_WARN_UNREACHABLE_CODE = YES;
				CLANG_WARN__DUPLICATE_METHOD_MATCH = YES;
				COPY_PHASE_STRIP = NO;
				DEBUG_INFORMATION_FORMAT = dwarf;
				ENABLE_STRICT_OBJC_MSGSEND = YES;
				ENABLE_TESTABILITY = YES;
				GCC_C_LANGUAGE_STANDARD = gnu11;
				GCC_DYNAMIC_NO_PIC = NO;
				GCC_NO_COMMON_BLOCKS = YES;
				GCC_OPTIMIZATION_LEVEL = 0;
				GCC_PREPROCESSOR_DEFINITIONS = (
					"DEBUG=1",
					"$(inherited)",
				);
				GCC_WARN_64_TO_32_BIT_CONVERSION = YES;
				GCC_WARN_ABOUT_RETURN_TYPE = YES_ERROR;
				GCC_WARN_UNDECLARED_SELECTOR = YES;
				GCC_WARN_UNINITIALIZED_AUTOS = YES_AGGRESSIVE;
				GCC_WARN_UNUSED_FUNCTION = YES;
				GCC_WARN_UNUSED_VARIABLE = YES;
				IPHONEOS_DEPLOYMENT_TARGET = 13.2;
				MTL_ENABLE_DEBUG_INFO = INCLUDE_SOURCE;
				MTL_FAST_MATH = YES;
				ONLY_ACTIVE_ARCH = YES;
				SDKROOT = iphoneos;
				SWIFT_ACTIVE_COMPILATION_CONDITIONS = DEBUG;
				SWIFT_OPTIMIZATION_LEVEL = "-Onone";
			};
			name = Debug;
		};
		C9D2DE4624C4836700191A9B /* Release */ = {
			isa = XCBuildConfiguration;
			buildSettings = {
				ALWAYS_SEARCH_USER_PATHS = NO;
				CLANG_ANALYZER_NONNULL = YES;
				CLANG_ANALYZER_NUMBER_OBJECT_CONVERSION = YES_AGGRESSIVE;
				CLANG_CXX_LANGUAGE_STANDARD = "gnu++14";
				CLANG_CXX_LIBRARY = "libc++";
				CLANG_ENABLE_MODULES = YES;
				CLANG_ENABLE_OBJC_ARC = YES;
				CLANG_ENABLE_OBJC_WEAK = YES;
				CLANG_WARN_BLOCK_CAPTURE_AUTORELEASING = YES;
				CLANG_WARN_BOOL_CONVERSION = YES;
				CLANG_WARN_COMMA = YES;
				CLANG_WARN_CONSTANT_CONVERSION = YES;
				CLANG_WARN_DEPRECATED_OBJC_IMPLEMENTATIONS = YES;
				CLANG_WARN_DIRECT_OBJC_ISA_USAGE = YES_ERROR;
				CLANG_WARN_DOCUMENTATION_COMMENTS = YES;
				CLANG_WARN_EMPTY_BODY = YES;
				CLANG_WARN_ENUM_CONVERSION = YES;
				CLANG_WARN_INFINITE_RECURSION = YES;
				CLANG_WARN_INT_CONVERSION = YES;
				CLANG_WARN_NON_LITERAL_NULL_CONVERSION = YES;
				CLANG_WARN_OBJC_IMPLICIT_RETAIN_SELF = YES;
				CLANG_WARN_OBJC_LITERAL_CONVERSION = YES;
				CLANG_WARN_OBJC_ROOT_CLASS = YES_ERROR;
				CLANG_WARN_RANGE_LOOP_ANALYSIS = YES;
				CLANG_WARN_STRICT_PROTOTYPES = YES;
				CLANG_WARN_SUSPICIOUS_MOVE = YES;
				CLANG_WARN_UNGUARDED_AVAILABILITY = YES_AGGRESSIVE;
				CLANG_WARN_UNREACHABLE_CODE = YES;
				CLANG_WARN__DUPLICATE_METHOD_MATCH = YES;
				COPY_PHASE_STRIP = NO;
				DEBUG_INFORMATION_FORMAT = "dwarf-with-dsym";
				ENABLE_NS_ASSERTIONS = NO;
				ENABLE_STRICT_OBJC_MSGSEND = YES;
				GCC_C_LANGUAGE_STANDARD = gnu11;
				GCC_NO_COMMON_BLOCKS = YES;
				GCC_WARN_64_TO_32_BIT_CONVERSION = YES;
				GCC_WARN_ABOUT_RETURN_TYPE = YES_ERROR;
				GCC_WARN_UNDECLARED_SELECTOR = YES;
				GCC_WARN_UNINITIALIZED_AUTOS = YES_AGGRESSIVE;
				GCC_WARN_UNUSED_FUNCTION = YES;
				GCC_WARN_UNUSED_VARIABLE = YES;
				IPHONEOS_DEPLOYMENT_TARGET = 13.2;
				MTL_ENABLE_DEBUG_INFO = NO;
				MTL_FAST_MATH = YES;
				SDKROOT = iphoneos;
				SWIFT_COMPILATION_MODE = wholemodule;
				SWIFT_OPTIMIZATION_LEVEL = "-O";
				VALIDATE_PRODUCT = YES;
			};
			name = Release;
		};
		C9D2DE4824C4836700191A9B /* Debug */ = {
			isa = XCBuildConfiguration;
			baseConfigurationReference = 1AD39929E217F873B3CF20A9 /* Pods-CompanyMembersList.debug.xcconfig */;
			buildSettings = {
				ASSETCATALOG_COMPILER_APPICON_NAME = AppIcon;
				CODE_SIGN_STYLE = Automatic;
				INFOPLIST_FILE = "$(SRCROOT)/CompanyMembersList/Resources/Info.plist";
				LD_RUNPATH_SEARCH_PATHS = (
					"$(inherited)",
					"@executable_path/Frameworks",
				);
				PRODUCT_BUNDLE_IDENTIFIER = com.harshal.CompanyMembersList;
				PRODUCT_NAME = "$(TARGET_NAME)";
				SWIFT_VERSION = 5.0;
				TARGETED_DEVICE_FAMILY = "1,2";
			};
			name = Debug;
		};
		C9D2DE4924C4836700191A9B /* Release */ = {
			isa = XCBuildConfiguration;
			baseConfigurationReference = E0F8008ED79C2CC24BC6CDF2 /* Pods-CompanyMembersList.release.xcconfig */;
			buildSettings = {
				ASSETCATALOG_COMPILER_APPICON_NAME = AppIcon;
				CODE_SIGN_STYLE = Automatic;
				INFOPLIST_FILE = "$(SRCROOT)/CompanyMembersList/Resources/Info.plist";
				LD_RUNPATH_SEARCH_PATHS = (
					"$(inherited)",
					"@executable_path/Frameworks",
				);
				PRODUCT_BUNDLE_IDENTIFIER = com.harshal.CompanyMembersList;
				PRODUCT_NAME = "$(TARGET_NAME)";
				SWIFT_VERSION = 5.0;
				TARGETED_DEVICE_FAMILY = "1,2";
			};
			name = Release;
		};
		C9D2DE4B24C4836700191A9B /* Debug */ = {
			isa = XCBuildConfiguration;
			baseConfigurationReference = 914C2A52B7A490D11AA58133 /* Pods-CompanyMembersListTests.debug.xcconfig */;
			buildSettings = {
				ALWAYS_EMBED_SWIFT_STANDARD_LIBRARIES = YES;
				BUNDLE_LOADER = "$(TEST_HOST)";
				CODE_SIGN_STYLE = Automatic;
				INFOPLIST_FILE = CompanyMembersListTests/Info.plist;
				IPHONEOS_DEPLOYMENT_TARGET = 13.2;
				LD_RUNPATH_SEARCH_PATHS = (
					"$(inherited)",
					"@executable_path/Frameworks",
					"@loader_path/Frameworks",
				);
				PRODUCT_BUNDLE_IDENTIFIER = com.harshal.CompanyMembersListTests;
				PRODUCT_NAME = "$(TARGET_NAME)";
				SWIFT_VERSION = 5.0;
				TARGETED_DEVICE_FAMILY = "1,2";
				TEST_HOST = "$(BUILT_PRODUCTS_DIR)/CompanyMembersList.app/CompanyMembersList";
			};
			name = Debug;
		};
		C9D2DE4C24C4836700191A9B /* Release */ = {
			isa = XCBuildConfiguration;
			baseConfigurationReference = F54E90757FDB886733389C27 /* Pods-CompanyMembersListTests.release.xcconfig */;
			buildSettings = {
				ALWAYS_EMBED_SWIFT_STANDARD_LIBRARIES = YES;
				BUNDLE_LOADER = "$(TEST_HOST)";
				CODE_SIGN_STYLE = Automatic;
				INFOPLIST_FILE = CompanyMembersListTests/Info.plist;
				IPHONEOS_DEPLOYMENT_TARGET = 13.2;
				LD_RUNPATH_SEARCH_PATHS = (
					"$(inherited)",
					"@executable_path/Frameworks",
					"@loader_path/Frameworks",
				);
				PRODUCT_BUNDLE_IDENTIFIER = com.harshal.CompanyMembersListTests;
				PRODUCT_NAME = "$(TARGET_NAME)";
				SWIFT_VERSION = 5.0;
				TARGETED_DEVICE_FAMILY = "1,2";
				TEST_HOST = "$(BUILT_PRODUCTS_DIR)/CompanyMembersList.app/CompanyMembersList";
			};
			name = Release;
		};
/* End XCBuildConfiguration section */

/* Begin XCConfigurationList section */
		C9D2DE2324C4836100191A9B /* Build configuration list for PBXProject "CompanyMembersList" */ = {
			isa = XCConfigurationList;
			buildConfigurations = (
				C9D2DE4524C4836700191A9B /* Debug */,
				C9D2DE4624C4836700191A9B /* Release */,
			);
			defaultConfigurationIsVisible = 0;
			defaultConfigurationName = Release;
		};
		C9D2DE4724C4836700191A9B /* Build configuration list for PBXNativeTarget "CompanyMembersList" */ = {
			isa = XCConfigurationList;
			buildConfigurations = (
				C9D2DE4824C4836700191A9B /* Debug */,
				C9D2DE4924C4836700191A9B /* Release */,
			);
			defaultConfigurationIsVisible = 0;
			defaultConfigurationName = Release;
		};
		C9D2DE4A24C4836700191A9B /* Build configuration list for PBXNativeTarget "CompanyMembersListTests" */ = {
			isa = XCConfigurationList;
			buildConfigurations = (
				C9D2DE4B24C4836700191A9B /* Debug */,
				C9D2DE4C24C4836700191A9B /* Release */,
			);
			defaultConfigurationIsVisible = 0;
			defaultConfigurationName = Release;
		};
/* End XCConfigurationList section */
	};
	rootObject = C9D2DE2024C4836100191A9B /* Project object */;
}
